// !$*UTF8*$!
{
	archiveVersion = 1;
	classes = {
	};
	objectVersion = 46;
	objects = {

/* Begin PBXBuildFile section */
		F392A86414B765E0000A98C2 /* Concurrency.cpp in Sources */ = {isa = PBXBuildFile; fileRef = F392A83E14B765DF000A98C2 /* Concurrency.cpp */; };
		F392A86514B765E0000A98C2 /* Concurrency.h in Headers */ = {isa = PBXBuildFile; fileRef = F392A83F14B765DF000A98C2 /* Concurrency.h */; };
		F392A86714B765E0000A98C2 /* Player.cpp in Sources */ = {isa = PBXBuildFile; fileRef = F392A84314B765DF000A98C2 /* Player.cpp */; };
		F392A86814B765E0000A98C2 /* Player.h in Headers */ = {isa = PBXBuildFile; fileRef = F392A84414B765DF000A98C2 /* Player.h */; };
		F392A87214B765E0000A98C2 /* Network.cpp in Sources */ = {isa = PBXBuildFile; fileRef = F392A85214B765DF000A98C2 /* Network.cpp */; };
		F392A87314B765E0000A98C2 /* Network.h in Headers */ = {isa = PBXBuildFile; fileRef = F392A85314B765DF000A98C2 /* Network.h */; };
		F392A87414B765E0000A98C2 /* Packet.cpp in Sources */ = {isa = PBXBuildFile; fileRef = F392A85414B765DF000A98C2 /* Packet.cpp */; };
		F392A87514B765E0000A98C2 /* Packet.h in Headers */ = {isa = PBXBuildFile; fileRef = F392A85514B765DF000A98C2 /* Packet.h */; };
		F392A87814B765E0000A98C2 /* ThreadData.h in Headers */ = {isa = PBXBuildFile; fileRef = F392A85814B765DF000A98C2 /* ThreadData.h */; };
		F392A87B14B765E0000A98C2 /* Base.h in Headers */ = {isa = PBXBuildFile; fileRef = F392A86014B765E0000A98C2 /* Base.h */; };
		F392A87C14B765E0000A98C2 /* Timer.cpp in Sources */ = {isa = PBXBuildFile; fileRef = F392A86114B765E0000A98C2 /* Timer.cpp */; };
		F392A87D14B765E0000A98C2 /* Timer.h in Headers */ = {isa = PBXBuildFile; fileRef = F392A86214B765E0000A98C2 /* Timer.h */; };
		F392A87E14B765E0000A98C2 /* Version.h in Headers */ = {isa = PBXBuildFile; fileRef = F392A86314B765E0000A98C2 /* Version.h */; };
/* End PBXBuildFile section */

/* Begin PBXFileReference section */
		F392A83014B765B2000A98C2 /* libpwskoag-dylib.dylib */ = {isa = PBXFileReference; explicitFileType = "compiled.mach-o.dylib"; includeInIndex = 0; path = "libpwskoag-dylib.dylib"; sourceTree = BUILT_PRODUCTS_DIR; };
		F392A83E14B765DF000A98C2 /* Concurrency.cpp */ = {isa = PBXFileReference; fileEncoding = 4; lastKnownFileType = sourcecode.cpp.cpp; path = Concurrency.cpp; sourceTree = "<group>"; };
		F392A83F14B765DF000A98C2 /* Concurrency.h */ = {isa = PBXFileReference; fileEncoding = 4; lastKnownFileType = sourcecode.c.h; path = Concurrency.h; sourceTree = "<group>"; };
		F392A84314B765DF000A98C2 /* Player.cpp */ = {isa = PBXFileReference; fileEncoding = 4; lastKnownFileType = sourcecode.cpp.cpp; path = Player.cpp; sourceTree = "<group>"; };
		F392A84414B765DF000A98C2 /* Player.h */ = {isa = PBXFileReference; fileEncoding = 4; lastKnownFileType = sourcecode.c.h; path = Player.h; sourceTree = "<group>"; };
		F392A85214B765DF000A98C2 /* Network.cpp */ = {isa = PBXFileReference; fileEncoding = 4; lastKnownFileType = sourcecode.cpp.cpp; path = Network.cpp; sourceTree = "<group>"; };
		F392A85314B765DF000A98C2 /* Network.h */ = {isa = PBXFileReference; fileEncoding = 4; lastKnownFileType = sourcecode.c.h; path = Network.h; sourceTree = "<group>"; };
		F392A85414B765DF000A98C2 /* Packet.cpp */ = {isa = PBXFileReference; fileEncoding = 4; lastKnownFileType = sourcecode.cpp.cpp; path = Packet.cpp; sourceTree = "<group>"; };
		F392A85514B765DF000A98C2 /* Packet.h */ = {isa = PBXFileReference; fileEncoding = 4; lastKnownFileType = sourcecode.c.h; path = Packet.h; sourceTree = "<group>"; };
		F392A85814B765DF000A98C2 /* ThreadData.h */ = {isa = PBXFileReference; fileEncoding = 4; lastKnownFileType = sourcecode.c.h; path = ThreadData.h; sourceTree = "<group>"; };
		F392A86014B765E0000A98C2 /* Base.h */ = {isa = PBXFileReference; fileEncoding = 4; lastKnownFileType = sourcecode.c.h; path = Base.h; sourceTree = "<group>"; };
		F392A86114B765E0000A98C2 /* Timer.cpp */ = {isa = PBXFileReference; fileEncoding = 4; lastKnownFileType = sourcecode.cpp.cpp; path = Timer.cpp; sourceTree = "<group>"; };
		F392A86214B765E0000A98C2 /* Timer.h */ = {isa = PBXFileReference; fileEncoding = 4; lastKnownFileType = sourcecode.c.h; path = Timer.h; sourceTree = "<group>"; };
		F392A86314B765E0000A98C2 /* Version.h */ = {isa = PBXFileReference; fileEncoding = 4; lastKnownFileType = sourcecode.c.h; path = Version.h; sourceTree = "<group>"; };
/* End PBXFileReference section */

/* Begin PBXFrameworksBuildPhase section */
		F392A82D14B765B2000A98C2 /* Frameworks */ = {
			isa = PBXFrameworksBuildPhase;
			buildActionMask = 2147483647;
			files = (
			);
			runOnlyForDeploymentPostprocessing = 0;
		};
/* End PBXFrameworksBuildPhase section */

/* Begin PBXGroup section */
		F392A82514B765B2000A98C2 = {
			isa = PBXGroup;
			children = (
				F392A83D14B765DF000A98C2 /* Concurrency */,
				F392A84014B765DF000A98C2 /* Game */,
				F392A84F14B765DF000A98C2 /* Network */,
				F392A85F14B765E0000A98C2 /* Util */,
				F392A83114B765B2000A98C2 /* Products */,
			);
			sourceTree = "<group>";
		};
		F392A83114B765B2000A98C2 /* Products */ = {
			isa = PBXGroup;
			children = (
				F392A83014B765B2000A98C2 /* libpwskoag-dylib.dylib */,
			);
			name = Products;
			sourceTree = "<group>";
		};
		F392A83D14B765DF000A98C2 /* Concurrency */ = {
			isa = PBXGroup;
			children = (
				F392A83E14B765DF000A98C2 /* Concurrency.cpp */,
				F392A83F14B765DF000A98C2 /* Concurrency.h */,
			);
			name = Concurrency;
			path = ../../../src/Concurrency;
			sourceTree = "<group>";
		};
		F392A84014B765DF000A98C2 /* Game */ = {
			isa = PBXGroup;
			children = (
				F392A84314B765DF000A98C2 /* Player.cpp */,
				F392A84414B765DF000A98C2 /* Player.h */,
			);
			name = Game;
			path = ../../../src/Game;
			sourceTree = "<group>";
		};
		F392A84F14B765DF000A98C2 /* Network */ = {
			isa = PBXGroup;
			children = (
				F392A85214B765DF000A98C2 /* Network.cpp */,
				F392A85314B765DF000A98C2 /* Network.h */,
				F392A85414B765DF000A98C2 /* Packet.cpp */,
				F392A85514B765DF000A98C2 /* Packet.h */,
				F392A85814B765DF000A98C2 /* ThreadData.h */,
			);
			name = Network;
			path = ../../../src/Network;
			sourceTree = "<group>";
		};
		F392A85F14B765E0000A98C2 /* Util */ = {
			isa = PBXGroup;
			children = (
				F392A86014B765E0000A98C2 /* Base.h */,
				F392A86114B765E0000A98C2 /* Timer.cpp */,
				F392A86214B765E0000A98C2 /* Timer.h */,
				F392A86314B765E0000A98C2 /* Version.h */,
			);
			name = Util;
			path = ../../../src/Util;
			sourceTree = "<group>";
		};
/* End PBXGroup section */

/* Begin PBXHeadersBuildPhase section */
		F392A82E14B765B2000A98C2 /* Headers */ = {
			isa = PBXHeadersBuildPhase;
			buildActionMask = 2147483647;
			files = (
				F392A86514B765E0000A98C2 /* Concurrency.h in Headers */,
				F392A86814B765E0000A98C2 /* Player.h in Headers */,
				F392A87314B765E0000A98C2 /* Network.h in Headers */,
				F392A87514B765E0000A98C2 /* Packet.h in Headers */,
				F392A87814B765E0000A98C2 /* ThreadData.h in Headers */,
				F392A87B14B765E0000A98C2 /* Base.h in Headers */,
				F392A87D14B765E0000A98C2 /* Timer.h in Headers */,
				F392A87E14B765E0000A98C2 /* Version.h in Headers */,
			);
			runOnlyForDeploymentPostprocessing = 0;
		};
/* End PBXHeadersBuildPhase section */

/* Begin PBXNativeTarget section */
		F392A82F14B765B2000A98C2 /* pwskoag-dylib */ = {
			isa = PBXNativeTarget;
			buildConfigurationList = F392A83414B765B2000A98C2 /* Build configuration list for PBXNativeTarget "pwskoag-dylib" */;
			buildPhases = (
				F392A82C14B765B2000A98C2 /* Sources */,
				F392A82D14B765B2000A98C2 /* Frameworks */,
				F392A82E14B765B2000A98C2 /* Headers */,
			);
			buildRules = (
			);
			dependencies = (
			);
			name = "pwskoag-dylib";
			productName = "pwskoag-dylib";
			productReference = F392A83014B765B2000A98C2 /* libpwskoag-dylib.dylib */;
			productType = "com.apple.product-type.library.dynamic";
		};
/* End PBXNativeTarget section */

/* Begin PBXProject section */
		F392A82714B765B2000A98C2 /* Project object */ = {
			isa = PBXProject;
			attributes = {
				LastUpgradeCheck = 0420;
			};
			buildConfigurationList = F392A82A14B765B2000A98C2 /* Build configuration list for PBXProject "pwskoag-dylib" */;
			compatibilityVersion = "Xcode 3.2";
			developmentRegion = English;
			hasScannedForEncodings = 0;
			knownRegions = (
				en,
			);
			mainGroup = F392A82514B765B2000A98C2;
			productRefGroup = F392A83114B765B2000A98C2 /* Products */;
			projectDirPath = "";
			projectRoot = "";
			targets = (
				F392A82F14B765B2000A98C2 /* pwskoag-dylib */,
			);
		};
/* End PBXProject section */

/* Begin PBXSourcesBuildPhase section */
		F392A82C14B765B2000A98C2 /* Sources */ = {
			isa = PBXSourcesBuildPhase;
			buildActionMask = 2147483647;
			files = (
				F392A86414B765E0000A98C2 /* Concurrency.cpp in Sources */,
				F392A86714B765E0000A98C2 /* Player.cpp in Sources */,
				F392A87214B765E0000A98C2 /* Network.cpp in Sources */,
				F392A87414B765E0000A98C2 /* Packet.cpp in Sources */,
				F392A87C14B765E0000A98C2 /* Timer.cpp in Sources */,
			);
			runOnlyForDeploymentPostprocessing = 0;
		};
/* End PBXSourcesBuildPhase section */

/* Begin XCBuildConfiguration section */
		F392A83214B765B2000A98C2 /* Debug */ = {
			isa = XCBuildConfiguration;
			buildSettings = {
				ALWAYS_SEARCH_USER_PATHS = NO;
				ARCHS = "$(ARCHS_STANDARD_32_64_BIT)";
				COPY_PHASE_STRIP = NO;
				GCC_C_LANGUAGE_STANDARD = gnu99;
				GCC_DYNAMIC_NO_PIC = NO;
				GCC_ENABLE_OBJC_EXCEPTIONS = YES;
				GCC_OPTIMIZATION_LEVEL = 0;
				GCC_PREPROCESSOR_DEFINITIONS = (
					"DEBUG=1",
					"$(inherited)",
				);
				GCC_SYMBOLS_PRIVATE_EXTERN = NO;
				GCC_VERSION = com.apple.compilers.llvm.clang.1_0;
				GCC_WARN_64_TO_32_BIT_CONVERSION = YES;
				GCC_WARN_ABOUT_MISSING_PROTOTYPES = YES;
				GCC_WARN_ABOUT_RETURN_TYPE = YES;
				GCC_WARN_UNUSED_VARIABLE = YES;
				HEADER_SEARCH_PATHS = "../../../src/**";
				MACOSX_DEPLOYMENT_TARGET = 10.6;
				ONLY_ACTIVE_ARCH = NO;
				SDKROOT = macosx;
			};
			name = Debug;
		};
		F392A83314B765B2000A98C2 /* Release */ = {
			isa = XCBuildConfiguration;
			buildSettings = {
				ALWAYS_SEARCH_USER_PATHS = NO;
				ARCHS = "$(ARCHS_STANDARD_32_64_BIT)";
				COPY_PHASE_STRIP = YES;
				DEBUG_INFORMATION_FORMAT = "dwarf-with-dsym";
				GCC_C_LANGUAGE_STANDARD = gnu99;
				GCC_ENABLE_OBJC_EXCEPTIONS = YES;
				GCC_VERSION = com.apple.compilers.llvm.clang.1_0;
				GCC_WARN_64_TO_32_BIT_CONVERSION = YES;
				GCC_WARN_ABOUT_MISSING_PROTOTYPES = YES;
				GCC_WARN_ABOUT_RETURN_TYPE = YES;
				GCC_WARN_UNUSED_VARIABLE = YES;
				HEADER_SEARCH_PATHS = "../../../src/**";
				MACOSX_DEPLOYMENT_TARGET = 10.6;
				ONLY_ACTIVE_ARCH = NO;
				SDKROOT = macosx;
			};
			name = Release;
		};
		F392A83514B765B2000A98C2 /* Debug */ = {
			isa = XCBuildConfiguration;
			buildSettings = {
				EXECUTABLE_PREFIX = lib;
				INSTALL_PATH = ../../build;
				LD_DYLIB_INSTALL_NAME = "@executable_path/$(EXECUTABLE_PATH)";
				PRODUCT_NAME = "$(TARGET_NAME)";
				SYMROOT = ../build;
			};
			name = Debug;
		};
		F392A83614B765B2000A98C2 /* Release */ = {
			isa = XCBuildConfiguration;
			buildSettings = {
				EXECUTABLE_PREFIX = lib;
				INSTALL_PATH = ../../build;
				LD_DYLIB_INSTALL_NAME = "@executable_path/$(EXECUTABLE_PATH)";
				PRODUCT_NAME = "$(TARGET_NAME)";
				SYMROOT = ../build;
			};
			name = Release;
		};
/* End XCBuildConfiguration section */

/* Begin XCConfigurationList section */
		F392A82A14B765B2000A98C2 /* Build configuration list for PBXProject "pwskoag-dylib" */ = {
			isa = XCConfigurationList;
			buildConfigurations = (
				F392A83214B765B2000A98C2 /* Debug */,
				F392A83314B765B2000A98C2 /* Release */,
			);
			defaultConfigurationIsVisible = 0;
			defaultConfigurationName = Release;
		};
		F392A83414B765B2000A98C2 /* Build configuration list for PBXNativeTarget "pwskoag-dylib" */ = {
			isa = XCConfigurationList;
			buildConfigurations = (
				F392A83514B765B2000A98C2 /* Debug */,
				F392A83614B765B2000A98C2 /* Release */,
			);
			defaultConfigurationIsVisible = 0;
			defaultConfigurationName = Release;
		};
/* End XCConfigurationList section */
	};
	rootObject = F392A82714B765B2000A98C2 /* Project object */;
}
