// !$*UTF8*$!
{
	archiveVersion = 1;
	classes = {
	};
	objectVersion = 46;
	objects = {

/* Begin PBXAggregateTarget section */
		F3B814E714B85D7F00EFF180 /* all */ = {
			isa = PBXAggregateTarget;
			buildConfigurationList = F3B814E814B85D7F00EFF180 /* Build configuration list for PBXAggregateTarget "all" */;
			buildPhases = (
			);
			dependencies = (
				F3B814EC14B85D9000EFF180 /* PBXTargetDependency */,
				F3B814EE14B85D9000EFF180 /* PBXTargetDependency */,
				F3B814F014B85D9000EFF180 /* PBXTargetDependency */,
			);
			name = all;
			productName = all;
		};
/* End PBXAggregateTarget section */

/* Begin PBXBuildFile section */
		F392A88514B76AAE000A98C2 /* libpwskoag-dylib.dylib in Frameworks */ = {isa = PBXBuildFile; fileRef = F392A83C14B765B3000A98C2 /* libpwskoag-dylib.dylib */; };
		F392A8A814B76DB0000A98C2 /* ClientPlayer.h in Sources */ = {isa = PBXBuildFile; fileRef = F392A88A14B76CF9000A98C2 /* ClientPlayer.h */; };
		F392A8A914B76DB0000A98C2 /* Client.h in Sources */ = {isa = PBXBuildFile; fileRef = F392A88914B76CDF000A98C2 /* Client.h */; };
		F392A8AA14B76DB0000A98C2 /* Client.cpp in Sources */ = {isa = PBXBuildFile; fileRef = F392A88714B76CD6000A98C2 /* Client.cpp */; };
		F392A8AB14B76DB0000A98C2 /* gfxtest.cpp in Sources */ = {isa = PBXBuildFile; fileRef = F392A89214B76D14000A98C2 /* gfxtest.cpp */; };
		F392A8AC14B76DB0000A98C2 /* Graphics.cpp in Sources */ = {isa = PBXBuildFile; fileRef = F392A88E14B76D08000A98C2 /* Graphics.cpp */; };
		F392A8AD14B76DB0000A98C2 /* Graphics.h in Sources */ = {isa = PBXBuildFile; fileRef = F392A88F14B76D08000A98C2 /* Graphics.h */; };
		F392A8AE14B76DB0000A98C2 /* PlayerGfx.h in Sources */ = {isa = PBXBuildFile; fileRef = F392A89014B76D08000A98C2 /* PlayerGfx.h */; };
		F392A8AF14B76DFF000A98C2 /* libpwskoag-dylib.dylib in Frameworks */ = {isa = PBXBuildFile; fileRef = F392A83C14B765B3000A98C2 /* libpwskoag-dylib.dylib */; };
		F392A8B114B76E08000A98C2 /* SFML.framework in Frameworks */ = {isa = PBXBuildFile; fileRef = F392A8B014B76E08000A98C2 /* SFML.framework */; };
		F392A8B314B76FCC000A98C2 /* sfml-graphics.framework in Frameworks */ = {isa = PBXBuildFile; fileRef = F392A8B214B76FCC000A98C2 /* sfml-graphics.framework */; };
		F392A8B514B76FEC000A98C2 /* sfml-window.framework in Frameworks */ = {isa = PBXBuildFile; fileRef = F392A8B414B76FEC000A98C2 /* sfml-window.framework */; };
		F392A8B714B77009000A98C2 /* sfml-system.framework in Frameworks */ = {isa = PBXBuildFile; fileRef = F392A8B614B77009000A98C2 /* sfml-system.framework */; };
		F392A8E614B7911B000A98C2 /* Server.cpp in Sources */ = {isa = PBXBuildFile; fileRef = F392A8D814B7911B000A98C2 /* Server.cpp */; };
		F392A8EA14B7911B000A98C2 /* Server.cpp in Sources */ = {isa = PBXBuildFile; fileRef = F392A8E014B7911B000A98C2 /* Server.cpp */; };
		F392A8EC14B7921D000A98C2 /* play.ttf in CopyFiles */ = {isa = PBXBuildFile; fileRef = F392A8B914B78B19000A98C2 /* play.ttf */; };
/* End PBXBuildFile section */

/* Begin PBXContainerItemProxy section */
		F392A83B14B765B3000A98C2 /* PBXContainerItemProxy */ = {
			isa = PBXContainerItemProxy;
			containerPortal = F392A83714B765B2000A98C2 /* pwskoag-dylib.xcodeproj */;
			proxyType = 2;
			remoteGlobalIDString = F392A83014B765B2000A98C2;
			remoteInfo = "pwskoag-dylib";
		};
		F392A8ED14B79C86000A98C2 /* PBXContainerItemProxy */ = {
			isa = PBXContainerItemProxy;
			containerPortal = F392A83714B765B2000A98C2 /* pwskoag-dylib.xcodeproj */;
			proxyType = 1;
			remoteGlobalIDString = F392A82F14B765B2000A98C2;
			remoteInfo = "pwskoag-dylib";
		};
		F392A8EF14B79C8E000A98C2 /* PBXContainerItemProxy */ = {
			isa = PBXContainerItemProxy;
			containerPortal = F392A83714B765B2000A98C2 /* pwskoag-dylib.xcodeproj */;
			proxyType = 1;
			remoteGlobalIDString = F392A82F14B765B2000A98C2;
			remoteInfo = "pwskoag-dylib";
		};
		F3B814EB14B85D9000EFF180 /* PBXContainerItemProxy */ = {
			isa = PBXContainerItemProxy;
			containerPortal = F3F709FD14B71F3500E4BA27 /* Project object */;
			proxyType = 1;
			remoteGlobalIDString = F3F70A1614B720EC00E4BA27;
			remoteInfo = server;
		};
		F3B814ED14B85D9000EFF180 /* PBXContainerItemProxy */ = {
			isa = PBXContainerItemProxy;
			containerPortal = F3F709FD14B71F3500E4BA27 /* Project object */;
			proxyType = 1;
			remoteGlobalIDString = F392A89914B76D75000A98C2;
			remoteInfo = client;
		};
		F3B814EF14B85D9000EFF180 /* PBXContainerItemProxy */ = {
			isa = PBXContainerItemProxy;
			containerPortal = F392A83714B765B2000A98C2 /* pwskoag-dylib.xcodeproj */;
			proxyType = 1;
			remoteGlobalIDString = F392A82F14B765B2000A98C2;
			remoteInfo = "pwskoag-dylib";
		};
/* End PBXContainerItemProxy section */

/* Begin PBXCopyFilesBuildPhase section */
		F392A89814B76D75000A98C2 /* CopyFiles */ = {
			isa = PBXCopyFilesBuildPhase;
			buildActionMask = 12;
			dstPath = "";
			dstSubfolderSpec = 16;
			files = (
				F392A8EC14B7921D000A98C2 /* play.ttf in CopyFiles */,
			);
			runOnlyForDeploymentPostprocessing = 0;
		};
		F3F70A1514B720EC00E4BA27 /* CopyFiles */ = {
			isa = PBXCopyFilesBuildPhase;
			buildActionMask = 2147483647;
			dstPath = /usr/share/man/man1/;
			dstSubfolderSpec = 0;
			files = (
			);
			runOnlyForDeploymentPostprocessing = 1;
		};
/* End PBXCopyFilesBuildPhase section */

/* Begin PBXFileReference section */
		F373B54F14B858E2009DF15B /* ServerPlayer.h */ = {isa = PBXFileReference; fileEncoding = 4; lastKnownFileType = sourcecode.c.h; path = ServerPlayer.h; sourceTree = "<group>"; };
		F392A83714B765B2000A98C2 /* pwskoag-dylib.xcodeproj */ = {isa = PBXFileReference; lastKnownFileType = "wrapper.pb-project"; name = "pwskoag-dylib.xcodeproj"; path = "pwskoag-dylib/pwskoag-dylib.xcodeproj"; sourceTree = "<group>"; };
		F392A88714B76CD6000A98C2 /* Client.cpp */ = {isa = PBXFileReference; fileEncoding = 4; lastKnownFileType = sourcecode.cpp.cpp; name = Client.cpp; path = ../../src/Network/Client.cpp; sourceTree = "<group>"; };
		F392A88914B76CDF000A98C2 /* Client.h */ = {isa = PBXFileReference; fileEncoding = 4; lastKnownFileType = sourcecode.c.h; name = Client.h; path = ../../src/Network/Client.h; sourceTree = "<group>"; };
		F392A88A14B76CF9000A98C2 /* ClientPlayer.h */ = {isa = PBXFileReference; fileEncoding = 4; lastKnownFileType = sourcecode.c.h; name = ClientPlayer.h; path = ../../src/Game/ClientPlayer.h; sourceTree = "<group>"; };
		F392A88E14B76D08000A98C2 /* Graphics.cpp */ = {isa = PBXFileReference; fileEncoding = 4; lastKnownFileType = sourcecode.cpp.cpp; path = Graphics.cpp; sourceTree = "<group>"; };
		F392A88F14B76D08000A98C2 /* Graphics.h */ = {isa = PBXFileReference; fileEncoding = 4; lastKnownFileType = sourcecode.c.h; path = Graphics.h; sourceTree = "<group>"; };
		F392A89014B76D08000A98C2 /* PlayerGfx.h */ = {isa = PBXFileReference; fileEncoding = 4; lastKnownFileType = sourcecode.c.h; path = PlayerGfx.h; sourceTree = "<group>"; };
		F392A89214B76D14000A98C2 /* gfxtest.cpp */ = {isa = PBXFileReference; fileEncoding = 4; lastKnownFileType = sourcecode.cpp.cpp; name = gfxtest.cpp; path = ../../src/Main/gfxtest.cpp; sourceTree = "<group>"; };
		F392A89A14B76D75000A98C2 /* client */ = {isa = PBXFileReference; explicitFileType = "compiled.mach-o.executable"; includeInIndex = 0; path = client; sourceTree = BUILT_PRODUCTS_DIR; };
		F392A8B014B76E08000A98C2 /* SFML.framework */ = {isa = PBXFileReference; lastKnownFileType = wrapper.framework; name = SFML.framework; path = Library/Frameworks/SFML.framework; sourceTree = SDKROOT; };
		F392A8B214B76FCC000A98C2 /* sfml-graphics.framework */ = {isa = PBXFileReference; lastKnownFileType = wrapper.framework; name = "sfml-graphics.framework"; path = "../../../../../../Library/Frameworks/sfml-graphics.framework"; sourceTree = "<group>"; };
		F392A8B414B76FEC000A98C2 /* sfml-window.framework */ = {isa = PBXFileReference; lastKnownFileType = wrapper.framework; name = "sfml-window.framework"; path = "../../../../../../Library/Frameworks/sfml-window.framework"; sourceTree = "<group>"; };
		F392A8B614B77009000A98C2 /* sfml-system.framework */ = {isa = PBXFileReference; lastKnownFileType = wrapper.framework; name = "sfml-system.framework"; path = "../../../../../../Library/Frameworks/sfml-system.framework"; sourceTree = "<group>"; };
		F392A8B914B78B19000A98C2 /* play.ttf */ = {isa = PBXFileReference; lastKnownFileType = file; name = play.ttf; path = ../../build/play.ttf; sourceTree = "<group>"; };
		F392A8D814B7911B000A98C2 /* Server.cpp */ = {isa = PBXFileReference; fileEncoding = 4; lastKnownFileType = sourcecode.cpp.cpp; path = Server.cpp; sourceTree = "<group>"; };
		F392A8E014B7911B000A98C2 /* Server.cpp */ = {isa = PBXFileReference; fileEncoding = 4; lastKnownFileType = sourcecode.cpp.cpp; path = Server.cpp; sourceTree = "<group>"; };
		F392A8E114B7911B000A98C2 /* Server.h */ = {isa = PBXFileReference; fileEncoding = 4; lastKnownFileType = sourcecode.c.h; path = Server.h; sourceTree = "<group>"; };
		F3F70A1714B720EC00E4BA27 /* server */ = {isa = PBXFileReference; explicitFileType = "compiled.mach-o.executable"; includeInIndex = 0; path = server; sourceTree = BUILT_PRODUCTS_DIR; };
/* End PBXFileReference section */

/* Begin PBXFrameworksBuildPhase section */
		F392A89714B76D75000A98C2 /* Frameworks */ = {
			isa = PBXFrameworksBuildPhase;
			buildActionMask = 2147483647;
			files = (
				F392A8AF14B76DFF000A98C2 /* libpwskoag-dylib.dylib in Frameworks */,
				F392A8B714B77009000A98C2 /* sfml-system.framework in Frameworks */,
				F392A8B514B76FEC000A98C2 /* sfml-window.framework in Frameworks */,
				F392A8B314B76FCC000A98C2 /* sfml-graphics.framework in Frameworks */,
				F392A8B114B76E08000A98C2 /* SFML.framework in Frameworks */,
			);
			runOnlyForDeploymentPostprocessing = 0;
		};
		F3F70A1414B720EC00E4BA27 /* Frameworks */ = {
			isa = PBXFrameworksBuildPhase;
			buildActionMask = 2147483647;
			files = (
				F392A88514B76AAE000A98C2 /* libpwskoag-dylib.dylib in Frameworks */,
			);
			runOnlyForDeploymentPostprocessing = 0;
		};
/* End PBXFrameworksBuildPhase section */

/* Begin PBXGroup section */
		F392A83814B765B2000A98C2 /* Products */ = {
			isa = PBXGroup;
			children = (
				F392A83C14B765B3000A98C2 /* libpwskoag-dylib.dylib */,
			);
			name = Products;
			sourceTree = "<group>";
		};
		F392A88614B76CA6000A98C2 /* client */ = {
			isa = PBXGroup;
			children = (
				F392A8EB14B79200000A98C2 /* Resources */,
				F392A89514B76D24000A98C2 /* Network */,
				F392A89414B76D1A000A98C2 /* Game */,
				F392A88B14B76D08000A98C2 /* Graphics */,
			);
			name = client;
			sourceTree = "<group>";
		};
		F392A88B14B76D08000A98C2 /* Graphics */ = {
			isa = PBXGroup;
			children = (
				F392A88E14B76D08000A98C2 /* Graphics.cpp */,
				F392A88F14B76D08000A98C2 /* Graphics.h */,
				F392A89014B76D08000A98C2 /* PlayerGfx.h */,
			);
			name = Graphics;
			path = ../../src/Graphics;
			sourceTree = "<group>";
		};
		F392A89414B76D1A000A98C2 /* Game */ = {
			isa = PBXGroup;
			children = (
				F392A89214B76D14000A98C2 /* gfxtest.cpp */,
			);
			name = Game;
			sourceTree = "<group>";
		};
		F392A89514B76D24000A98C2 /* Network */ = {
			isa = PBXGroup;
			children = (
				F392A88A14B76CF9000A98C2 /* ClientPlayer.h */,
				F392A88914B76CDF000A98C2 /* Client.h */,
				F392A88714B76CD6000A98C2 /* Client.cpp */,
			);
			name = Network;
			sourceTree = "<group>";
		};
		F392A8CE14B790F2000A98C2 /* server */ = {
			isa = PBXGroup;
			children = (
				F392A8CF14B7911B000A98C2 /* Game */,
				F392A8D514B7911B000A98C2 /* Main */,
				F392A8D914B7911B000A98C2 /* Network */,
			);
			name = server;
			sourceTree = "<group>";
		};
		F392A8CF14B7911B000A98C2 /* Game */ = {
			isa = PBXGroup;
			children = (
				F373B54F14B858E2009DF15B /* ServerPlayer.h */,
			);
			name = Game;
			path = ../../src/Game;
			sourceTree = "<group>";
		};
		F392A8D514B7911B000A98C2 /* Main */ = {
			isa = PBXGroup;
			children = (
				F392A8D814B7911B000A98C2 /* Server.cpp */,
			);
			name = Main;
			path = ../../src/Main;
			sourceTree = "<group>";
		};
		F392A8D914B7911B000A98C2 /* Network */ = {
			isa = PBXGroup;
			children = (
				F392A8E014B7911B000A98C2 /* Server.cpp */,
				F392A8E114B7911B000A98C2 /* Server.h */,
			);
			name = Network;
			path = ../../src/Network;
			sourceTree = "<group>";
		};
		F392A8EB14B79200000A98C2 /* Resources */ = {
			isa = PBXGroup;
			children = (
				F392A8B914B78B19000A98C2 /* play.ttf */,
			);
			name = Resources;
			sourceTree = "<group>";
		};
		F3F709FB14B71F3500E4BA27 = {
			isa = PBXGroup;
			children = (
				F392A83714B765B2000A98C2 /* pwskoag-dylib.xcodeproj */,
				F392A8B614B77009000A98C2 /* sfml-system.framework */,
				F392A8B414B76FEC000A98C2 /* sfml-window.framework */,
				F392A8B214B76FCC000A98C2 /* sfml-graphics.framework */,
				F392A8B014B76E08000A98C2 /* SFML.framework */,
				F392A8CE14B790F2000A98C2 /* server */,
				F392A88614B76CA6000A98C2 /* client */,
				F3F70A0714B71F3500E4BA27 /* Products */,
			);
			sourceTree = "<group>";
			wrapsLines = 0;
		};
		F3F70A0714B71F3500E4BA27 /* Products */ = {
			isa = PBXGroup;
			children = (
				F3F70A1714B720EC00E4BA27 /* server */,
				F392A89A14B76D75000A98C2 /* client */,
			);
			name = Products;
			sourceTree = "<group>";
		};
/* End PBXGroup section */

/* Begin PBXNativeTarget section */
		F392A89914B76D75000A98C2 /* client */ = {
			isa = PBXNativeTarget;
			buildConfigurationList = F392A8A114B76D75000A98C2 /* Build configuration list for PBXNativeTarget "client" */;
			buildPhases = (
				F392A89614B76D75000A98C2 /* Sources */,
				F392A89714B76D75000A98C2 /* Frameworks */,
				F392A89814B76D75000A98C2 /* CopyFiles */,
			);
			buildRules = (
			);
			dependencies = (
				F392A8EE14B79C86000A98C2 /* PBXTargetDependency */,
			);
			name = client;
			productName = client;
			productReference = F392A89A14B76D75000A98C2 /* client */;
			productType = "com.apple.product-type.tool";
		};
		F3F70A1614B720EC00E4BA27 /* server */ = {
			isa = PBXNativeTarget;
			buildConfigurationList = F3F70A1E14B720EC00E4BA27 /* Build configuration list for PBXNativeTarget "server" */;
			buildPhases = (
				F3F70A1314B720EC00E4BA27 /* Sources */,
				F3F70A1414B720EC00E4BA27 /* Frameworks */,
				F3F70A1514B720EC00E4BA27 /* CopyFiles */,
			);
			buildRules = (
			);
			dependencies = (
				F392A8F014B79C8E000A98C2 /* PBXTargetDependency */,
			);
			name = server;
			productName = server;
			productReference = F3F70A1714B720EC00E4BA27 /* server */;
			productType = "com.apple.product-type.tool";
		};
/* End PBXNativeTarget section */

/* Begin PBXProject section */
		F3F709FD14B71F3500E4BA27 /* Project object */ = {
			isa = PBXProject;
			attributes = {
				LastUpgradeCheck = 0420;
			};
			buildConfigurationList = F3F70A0014B71F3500E4BA27 /* Build configuration list for PBXProject "pwskoag" */;
			compatibilityVersion = "Xcode 3.2";
			developmentRegion = English;
			hasScannedForEncodings = 0;
			knownRegions = (
				en,
			);
			mainGroup = F3F709FB14B71F3500E4BA27;
			productRefGroup = F3F70A0714B71F3500E4BA27 /* Products */;
			projectDirPath = "";
			projectReferences = (
				{
					ProductGroup = F392A83814B765B2000A98C2 /* Products */;
					ProjectRef = F392A83714B765B2000A98C2 /* pwskoag-dylib.xcodeproj */;
				},
			);
			projectRoot = "";
			targets = (
				F3F70A1614B720EC00E4BA27 /* server */,
				F392A89914B76D75000A98C2 /* client */,
				F3B814E714B85D7F00EFF180 /* all */,
			);
		};
/* End PBXProject section */

/* Begin PBXReferenceProxy section */
		F392A83C14B765B3000A98C2 /* libpwskoag-dylib.dylib */ = {
			isa = PBXReferenceProxy;
			fileType = "compiled.mach-o.dylib";
			path = "libpwskoag-dylib.dylib";
			remoteRef = F392A83B14B765B3000A98C2 /* PBXContainerItemProxy */;
			sourceTree = BUILT_PRODUCTS_DIR;
		};
/* End PBXReferenceProxy section */

/* Begin PBXSourcesBuildPhase section */
		F392A89614B76D75000A98C2 /* Sources */ = {
			isa = PBXSourcesBuildPhase;
			buildActionMask = 2147483647;
			files = (
				F392A8A814B76DB0000A98C2 /* ClientPlayer.h in Sources */,
				F392A8A914B76DB0000A98C2 /* Client.h in Sources */,
				F392A8AA14B76DB0000A98C2 /* Client.cpp in Sources */,
				F392A8AB14B76DB0000A98C2 /* gfxtest.cpp in Sources */,
				F392A8AC14B76DB0000A98C2 /* Graphics.cpp in Sources */,
				F392A8AD14B76DB0000A98C2 /* Graphics.h in Sources */,
				F392A8AE14B76DB0000A98C2 /* PlayerGfx.h in Sources */,
			);
			runOnlyForDeploymentPostprocessing = 0;
		};
		F3F70A1314B720EC00E4BA27 /* Sources */ = {
			isa = PBXSourcesBuildPhase;
			buildActionMask = 2147483647;
			files = (
				F392A8E614B7911B000A98C2 /* Server.cpp in Sources */,
				F392A8EA14B7911B000A98C2 /* Server.cpp in Sources */,
			);
			runOnlyForDeploymentPostprocessing = 0;
		};
/* End PBXSourcesBuildPhase section */

/* Begin PBXTargetDependency section */
		F392A8EE14B79C86000A98C2 /* PBXTargetDependency */ = {
			isa = PBXTargetDependency;
			name = "pwskoag-dylib";
			targetProxy = F392A8ED14B79C86000A98C2 /* PBXContainerItemProxy */;
		};
		F392A8F014B79C8E000A98C2 /* PBXTargetDependency */ = {
			isa = PBXTargetDependency;
			name = "pwskoag-dylib";
			targetProxy = F392A8EF14B79C8E000A98C2 /* PBXContainerItemProxy */;
		};
		F3B814EC14B85D9000EFF180 /* PBXTargetDependency */ = {
			isa = PBXTargetDependency;
			target = F3F70A1614B720EC00E4BA27 /* server */;
			targetProxy = F3B814EB14B85D9000EFF180 /* PBXContainerItemProxy */;
		};
		F3B814EE14B85D9000EFF180 /* PBXTargetDependency */ = {
			isa = PBXTargetDependency;
			target = F392A89914B76D75000A98C2 /* client */;
			targetProxy = F3B814ED14B85D9000EFF180 /* PBXContainerItemProxy */;
		};
		F3B814F014B85D9000EFF180 /* PBXTargetDependency */ = {
			isa = PBXTargetDependency;
			name = "pwskoag-dylib";
			targetProxy = F3B814EF14B85D9000EFF180 /* PBXContainerItemProxy */;
		};
/* End PBXTargetDependency section */

/* Begin XCBuildConfiguration section */
		F392A8A214B76D75000A98C2 /* Debug */ = {
			isa = XCBuildConfiguration;
			buildSettings = {
				ARCHS = "$(ARCHS_STANDARD_32_64_BIT)";
				HEADER_SEARCH_PATHS = "../../src/**";
				INSTALL_PATH = ../build;
				ONLY_ACTIVE_ARCH = NO;
				PRODUCT_NAME = "$(TARGET_NAME)";
			};
			name = Debug;
		};
		F392A8A314B76D75000A98C2 /* Release */ = {
			isa = XCBuildConfiguration;
			buildSettings = {
				ARCHS = "$(ARCHS_STANDARD_32_64_BIT)";
				HEADER_SEARCH_PATHS = "../../src/**";
				INSTALL_PATH = ../build;
				ONLY_ACTIVE_ARCH = NO;
				PRODUCT_NAME = "$(TARGET_NAME)";
			};
			name = Release;
		};
		F3B814E914B85D7F00EFF180 /* Debug */ = {
			isa = XCBuildConfiguration;
			buildSettings = {
				PRODUCT_NAME = "$(TARGET_NAME)";
			};
			name = Debug;
		};
		F3B814EA14B85D7F00EFF180 /* Release */ = {
			isa = XCBuildConfiguration;
			buildSettings = {
				PRODUCT_NAME = "$(TARGET_NAME)";
			};
			name = Release;
		};
		F3F70A0E14B71F3600E4BA27 /* Debug */ = {
			isa = XCBuildConfiguration;
			buildSettings = {
				ALWAYS_SEARCH_USER_PATHS = NO;
				ARCHS = "$(ARCHS_STANDARD_32_64_BIT)";
				COPY_PHASE_STRIP = NO;
				GCC_C_LANGUAGE_STANDARD = gnu99;
				GCC_DYNAMIC_NO_PIC = NO;
				GCC_ENABLE_OBJC_EXCEPTIONS = YES;
				GCC_OPTIMIZATION_LEVEL = 0;
				GCC_PREPROCESSOR_DEFINITIONS = (
					"DEBUG=1",
					"$(inherited)",
				);
				GCC_SYMBOLS_PRIVATE_EXTERN = NO;
				GCC_VERSION = com.apple.compilers.llvm.clang.1_0;
				GCC_WARN_64_TO_32_BIT_CONVERSION = YES;
				GCC_WARN_ABOUT_MISSING_PROTOTYPES = YES;
				GCC_WARN_ABOUT_RETURN_TYPE = YES;
				GCC_WARN_UNUSED_VARIABLE = YES;
				HEADER_SEARCH_PATHS = "../src/**";
				MACOSX_DEPLOYMENT_TARGET = 10.6;
				ONLY_ACTIVE_ARCH = NO;
				SDKROOT = macosx;
			};
			name = Debug;
		};
		F3F70A0F14B71F3600E4BA27 /* Release */ = {
			isa = XCBuildConfiguration;
			buildSettings = {
				ALWAYS_SEARCH_USER_PATHS = NO;
				ARCHS = "$(ARCHS_STANDARD_32_64_BIT)";
				COPY_PHASE_STRIP = YES;
				DEBUG_INFORMATION_FORMAT = "dwarf-with-dsym";
				GCC_C_LANGUAGE_STANDARD = gnu99;
				GCC_ENABLE_OBJC_EXCEPTIONS = YES;
				GCC_VERSION = com.apple.compilers.llvm.clang.1_0;
				GCC_WARN_64_TO_32_BIT_CONVERSION = YES;
				GCC_WARN_ABOUT_MISSING_PROTOTYPES = YES;
				GCC_WARN_ABOUT_RETURN_TYPE = YES;
				GCC_WARN_UNUSED_VARIABLE = YES;
				HEADER_SEARCH_PATHS = "../src/**";
				MACOSX_DEPLOYMENT_TARGET = 10.6;
				ONLY_ACTIVE_ARCH = NO;
				SDKROOT = macosx;
			};
			name = Release;
		};
		F3F70A1F14B720EC00E4BA27 /* Debug */ = {
			isa = XCBuildConfiguration;
			buildSettings = {
				HEADER_SEARCH_PATHS = "../../src/**";
				INSTALL_PATH = ../build;
				PRODUCT_NAME = "$(TARGET_NAME)";
			};
			name = Debug;
		};
		F3F70A2014B720EC00E4BA27 /* Release */ = {
			isa = XCBuildConfiguration;
			buildSettings = {
				HEADER_SEARCH_PATHS = "../../src/**";
				INSTALL_PATH = ../build;
				PRODUCT_NAME = "$(TARGET_NAME)";
			};
			name = Release;
		};
/* End XCBuildConfiguration section */

/* Begin XCConfigurationList section */
		F392A8A114B76D75000A98C2 /* Build configuration list for PBXNativeTarget "client" */ = {
			isa = XCConfigurationList;
			buildConfigurations = (
				F392A8A214B76D75000A98C2 /* Debug */,
				F392A8A314B76D75000A98C2 /* Release */,
			);
			defaultConfigurationIsVisible = 0;
			defaultConfigurationName = Release;
		};
		F3B814E814B85D7F00EFF180 /* Build configuration list for PBXAggregateTarget "all" */ = {
			isa = XCConfigurationList;
			buildConfigurations = (
				F3B814E914B85D7F00EFF180 /* Debug */,
				F3B814EA14B85D7F00EFF180 /* Release */,
			);
			defaultConfigurationIsVisible = 0;
			defaultConfigurationName = Release;
		};
		F3F70A0014B71F3500E4BA27 /* Build configuration list for PBXProject "pwskoag" */ = {
			isa = XCConfigurationList;
			buildConfigurations = (
				F3F70A0E14B71F3600E4BA27 /* Debug */,
				F3F70A0F14B71F3600E4BA27 /* Release */,
			);
			defaultConfigurationIsVisible = 0;
			defaultConfigurationName = Release;
		};
		F3F70A1E14B720EC00E4BA27 /* Build configuration list for PBXNativeTarget "server" */ = {
			isa = XCConfigurationList;
			buildConfigurations = (
				F3F70A1F14B720EC00E4BA27 /* Debug */,
				F3F70A2014B720EC00E4BA27 /* Release */,
			);
			defaultConfigurationIsVisible = 0;
			defaultConfigurationName = Release;
		};
/* End XCConfigurationList section */
	};
	rootObject = F3F709FD14B71F3500E4BA27 /* Project object */;
}
