// !$*UTF8*$!
{
	archiveVersion = 1;
	classes = {
	};
	objectVersion = 46;
	objects = {

/* Begin PBXBuildFile section */
		F366D63414B723A000A740D0 /* Server.cpp in Sources */ = {isa = PBXBuildFile; fileRef = F366D62114B723A000A740D0 /* Server.cpp */; };
		F392A81714B74C1F000A98C2 /* Server.cpp in Sources */ = {isa = PBXBuildFile; fileRef = F392A81614B74C1F000A98C2 /* Server.cpp */; };
		F392A88514B76AAE000A98C2 /* libpwskoag-dylib.dylib in Frameworks */ = {isa = PBXBuildFile; fileRef = F392A83C14B765B3000A98C2 /* libpwskoag-dylib.dylib */; };
/* End PBXBuildFile section */

/* Begin PBXContainerItemProxy section */
		F392A83B14B765B3000A98C2 /* PBXContainerItemProxy */ = {
			isa = PBXContainerItemProxy;
			containerPortal = F392A83714B765B2000A98C2 /* pwskoag-dylib.xcodeproj */;
			proxyType = 2;
			remoteGlobalIDString = F392A83014B765B2000A98C2;
			remoteInfo = "pwskoag-dylib";
		};
/* End PBXContainerItemProxy section */

/* Begin PBXCopyFilesBuildPhase section */
		F3F70A1514B720EC00E4BA27 /* CopyFiles */ = {
			isa = PBXCopyFilesBuildPhase;
			buildActionMask = 2147483647;
			dstPath = /usr/share/man/man1/;
			dstSubfolderSpec = 0;
			files = (
			);
			runOnlyForDeploymentPostprocessing = 1;
		};
/* End PBXCopyFilesBuildPhase section */

/* Begin PBXFileReference section */
		F366D62114B723A000A740D0 /* Server.cpp */ = {isa = PBXFileReference; fileEncoding = 4; lastKnownFileType = sourcecode.cpp.cpp; path = Server.cpp; sourceTree = "<group>"; };
		F392A81314B74AA6000A98C2 /* Server.h */ = {isa = PBXFileReference; fileEncoding = 4; lastKnownFileType = sourcecode.c.h; path = Server.h; sourceTree = "<group>"; };
		F392A81614B74C1F000A98C2 /* Server.cpp */ = {isa = PBXFileReference; fileEncoding = 4; lastKnownFileType = sourcecode.cpp.cpp; path = Server.cpp; sourceTree = "<group>"; };
		F392A81C14B74FAA000A98C2 /* ServerPlayer.h */ = {isa = PBXFileReference; fileEncoding = 4; lastKnownFileType = sourcecode.c.h; path = ServerPlayer.h; sourceTree = "<group>"; };
		F392A83714B765B2000A98C2 /* pwskoag-dylib.xcodeproj */ = {isa = PBXFileReference; lastKnownFileType = "wrapper.pb-project"; name = "pwskoag-dylib.xcodeproj"; path = "pwskoag-dylib/pwskoag-dylib.xcodeproj"; sourceTree = "<group>"; };
		F3F70A1714B720EC00E4BA27 /* server */ = {isa = PBXFileReference; explicitFileType = "compiled.mach-o.executable"; includeInIndex = 0; path = server; sourceTree = BUILT_PRODUCTS_DIR; };
/* End PBXFileReference section */

/* Begin PBXFrameworksBuildPhase section */
		F3F70A1414B720EC00E4BA27 /* Frameworks */ = {
			isa = PBXFrameworksBuildPhase;
			buildActionMask = 2147483647;
			files = (
				F392A88514B76AAE000A98C2 /* libpwskoag-dylib.dylib in Frameworks */,
			);
			runOnlyForDeploymentPostprocessing = 0;
		};
/* End PBXFrameworksBuildPhase section */

/* Begin PBXGroup section */
		F366D61814B723A000A740D0 /* Game */ = {
			isa = PBXGroup;
			children = (
				F392A81C14B74FAA000A98C2 /* ServerPlayer.h */,
			);
			name = Game;
			path = ../../../src/Game;
			sourceTree = "<group>";
		};
		F366D61D14B723A000A740D0 /* Main */ = {
			isa = PBXGroup;
			children = (
				F366D62114B723A000A740D0 /* Server.cpp */,
			);
			name = Main;
			path = ../../../src/Main;
			sourceTree = "<group>";
		};
		F366D62214B723A000A740D0 /* Network */ = {
			isa = PBXGroup;
			children = (
				F392A81314B74AA6000A98C2 /* Server.h */,
				F392A81614B74C1F000A98C2 /* Server.cpp */,
			);
			name = Network;
			path = ../../../src/Network;
			sourceTree = "<group>";
		};
		F392A83814B765B2000A98C2 /* Products */ = {
			isa = PBXGroup;
			children = (
				F392A83C14B765B3000A98C2 /* libpwskoag-dylib.dylib */,
			);
			name = Products;
			sourceTree = "<group>";
		};
		F3F709FB14B71F3500E4BA27 = {
			isa = PBXGroup;
			children = (
				F392A83714B765B2000A98C2 /* pwskoag-dylib.xcodeproj */,
				F3F70A1914B720EC00E4BA27 /* server */,
				F3F70A0714B71F3500E4BA27 /* Products */,
			);
			sourceTree = "<group>";
			wrapsLines = 0;
		};
		F3F70A0714B71F3500E4BA27 /* Products */ = {
			isa = PBXGroup;
			children = (
				F3F70A1714B720EC00E4BA27 /* server */,
			);
			name = Products;
			sourceTree = "<group>";
		};
		F3F70A1914B720EC00E4BA27 /* server */ = {
			isa = PBXGroup;
			children = (
				F366D61814B723A000A740D0 /* Game */,
				F366D61D14B723A000A740D0 /* Main */,
				F366D62214B723A000A740D0 /* Network */,
			);
			path = server;
			sourceTree = "<group>";
		};
/* End PBXGroup section */

/* Begin PBXNativeTarget section */
		F3F70A1614B720EC00E4BA27 /* server */ = {
			isa = PBXNativeTarget;
			buildConfigurationList = F3F70A1E14B720EC00E4BA27 /* Build configuration list for PBXNativeTarget "server" */;
			buildPhases = (
				F3F70A1314B720EC00E4BA27 /* Sources */,
				F3F70A1414B720EC00E4BA27 /* Frameworks */,
				F3F70A1514B720EC00E4BA27 /* CopyFiles */,
			);
			buildRules = (
			);
			dependencies = (
			);
			name = server;
			productName = server;
			productReference = F3F70A1714B720EC00E4BA27 /* server */;
			productType = "com.apple.product-type.tool";
		};
/* End PBXNativeTarget section */

/* Begin PBXProject section */
		F3F709FD14B71F3500E4BA27 /* Project object */ = {
			isa = PBXProject;
			attributes = {
				LastUpgradeCheck = 0420;
			};
			buildConfigurationList = F3F70A0014B71F3500E4BA27 /* Build configuration list for PBXProject "pwskoag" */;
			compatibilityVersion = "Xcode 3.2";
			developmentRegion = English;
			hasScannedForEncodings = 0;
			knownRegions = (
				en,
			);
			mainGroup = F3F709FB14B71F3500E4BA27;
			productRefGroup = F3F70A0714B71F3500E4BA27 /* Products */;
			projectDirPath = "";
			projectReferences = (
				{
					ProductGroup = F392A83814B765B2000A98C2 /* Products */;
					ProjectRef = F392A83714B765B2000A98C2 /* pwskoag-dylib.xcodeproj */;
				},
			);
			projectRoot = "";
			targets = (
				F3F70A1614B720EC00E4BA27 /* server */,
			);
		};
/* End PBXProject section */

/* Begin PBXReferenceProxy section */
		F392A83C14B765B3000A98C2 /* libpwskoag-dylib.dylib */ = {
			isa = PBXReferenceProxy;
			fileType = "compiled.mach-o.dylib";
			path = "libpwskoag-dylib.dylib";
			remoteRef = F392A83B14B765B3000A98C2 /* PBXContainerItemProxy */;
			sourceTree = BUILT_PRODUCTS_DIR;
		};
/* End PBXReferenceProxy section */

/* Begin PBXSourcesBuildPhase section */
		F3F70A1314B720EC00E4BA27 /* Sources */ = {
			isa = PBXSourcesBuildPhase;
			buildActionMask = 2147483647;
			files = (
				F366D63414B723A000A740D0 /* Server.cpp in Sources */,
				F392A81714B74C1F000A98C2 /* Server.cpp in Sources */,
			);
			runOnlyForDeploymentPostprocessing = 0;
		};
/* End PBXSourcesBuildPhase section */

/* Begin XCBuildConfiguration section */
		F3F70A0E14B71F3600E4BA27 /* Debug */ = {
			isa = XCBuildConfiguration;
			buildSettings = {
				ALWAYS_SEARCH_USER_PATHS = NO;
				ARCHS = "$(ARCHS_STANDARD_32_64_BIT)";
				COPY_PHASE_STRIP = NO;
				GCC_C_LANGUAGE_STANDARD = gnu99;
				GCC_DYNAMIC_NO_PIC = NO;
				GCC_ENABLE_OBJC_EXCEPTIONS = YES;
				GCC_OPTIMIZATION_LEVEL = 0;
				GCC_PREPROCESSOR_DEFINITIONS = (
					"DEBUG=1",
					"$(inherited)",
				);
				GCC_SYMBOLS_PRIVATE_EXTERN = NO;
				GCC_VERSION = com.apple.compilers.llvm.clang.1_0;
				GCC_WARN_64_TO_32_BIT_CONVERSION = YES;
				GCC_WARN_ABOUT_MISSING_PROTOTYPES = YES;
				GCC_WARN_ABOUT_RETURN_TYPE = YES;
				GCC_WARN_UNUSED_VARIABLE = YES;
				HEADER_SEARCH_PATHS = "../src/**";
				MACOSX_DEPLOYMENT_TARGET = 10.6;
				ONLY_ACTIVE_ARCH = NO;
				SDKROOT = macosx;
			};
			name = Debug;
		};
		F3F70A0F14B71F3600E4BA27 /* Release */ = {
			isa = XCBuildConfiguration;
			buildSettings = {
				ALWAYS_SEARCH_USER_PATHS = NO;
				ARCHS = "$(ARCHS_STANDARD_32_64_BIT)";
				COPY_PHASE_STRIP = YES;
				DEBUG_INFORMATION_FORMAT = "dwarf-with-dsym";
				GCC_C_LANGUAGE_STANDARD = gnu99;
				GCC_ENABLE_OBJC_EXCEPTIONS = YES;
				GCC_VERSION = com.apple.compilers.llvm.clang.1_0;
				GCC_WARN_64_TO_32_BIT_CONVERSION = YES;
				GCC_WARN_ABOUT_MISSING_PROTOTYPES = YES;
				GCC_WARN_ABOUT_RETURN_TYPE = YES;
				GCC_WARN_UNUSED_VARIABLE = YES;
				HEADER_SEARCH_PATHS = "../src/**";
				MACOSX_DEPLOYMENT_TARGET = 10.6;
				ONLY_ACTIVE_ARCH = NO;
				SDKROOT = macosx;
			};
			name = Release;
		};
		F3F70A1F14B720EC00E4BA27 /* Debug */ = {
			isa = XCBuildConfiguration;
			buildSettings = {
				HEADER_SEARCH_PATHS = "../../src/**";
				PRODUCT_NAME = "$(TARGET_NAME)";
			};
			name = Debug;
		};
		F3F70A2014B720EC00E4BA27 /* Release */ = {
			isa = XCBuildConfiguration;
			buildSettings = {
				HEADER_SEARCH_PATHS = "../../src/**";
				PRODUCT_NAME = "$(TARGET_NAME)";
			};
			name = Release;
		};
/* End XCBuildConfiguration section */

/* Begin XCConfigurationList section */
		F3F70A0014B71F3500E4BA27 /* Build configuration list for PBXProject "pwskoag" */ = {
			isa = XCConfigurationList;
			buildConfigurations = (
				F3F70A0E14B71F3600E4BA27 /* Debug */,
				F3F70A0F14B71F3600E4BA27 /* Release */,
			);
			defaultConfigurationIsVisible = 0;
			defaultConfigurationName = Release;
		};
		F3F70A1E14B720EC00E4BA27 /* Build configuration list for PBXNativeTarget "server" */ = {
			isa = XCConfigurationList;
			buildConfigurations = (
				F3F70A1F14B720EC00E4BA27 /* Debug */,
				F3F70A2014B720EC00E4BA27 /* Release */,
			);
			defaultConfigurationIsVisible = 0;
			defaultConfigurationName = Release;
		};
/* End XCConfigurationList section */
	};
	rootObject = F3F709FD14B71F3500E4BA27 /* Project object */;
}
