
Microsoft Visual Studio Solution File, Format Version 11.00
# Visual Studio 2010
Project("{8BC9CEB8-8B4A-11D0-8D11-00A0C91BC942}") = "libpwskoag", "libpwskoag\libpwskoag.vcxproj", "{1E725197-CACE-4D4B-884A-7663EF464383}"
EndProject
Project("{8BC9CEB8-8B4A-11D0-8D11-00A0C91BC942}") = "Server", "Server\Server.vcxproj", "{58DC4BC4-D703-4539-819A-E477304F0510}"
	ProjectSection(ProjectDependencies) = postProject
		{1E725197-CACE-4D4B-884A-7663EF464383} = {1E725197-CACE-4D4B-884A-7663EF464383}
	EndProjectSection
EndProject
Project("{8BC9CEB8-8B4A-11D0-8D11-00A0C91BC942}") = "Client", "Client\Client.vcxproj", "{A63823F8-9E15-49E2-BDE9-EA5A15D8F5AA}"
	ProjectSection(ProjectDependencies) = postProject
		{1E725197-CACE-4D4B-884A-7663EF464383} = {1E725197-CACE-4D4B-884A-7663EF464383}
	EndProjectSection
EndProject
Global
	GlobalSection(SolutionConfigurationPlatforms) = preSolution
		Debug|Win32 = Debug|Win32
		Release|Win32 = Release|Win32
	EndGlobalSection
	GlobalSection(ProjectConfigurationPlatforms) = postSolution
		{1E725197-CACE-4D4B-884A-7663EF464383}.Debug|Win32.ActiveCfg = Debug|Win32
		{1E725197-CACE-4D4B-884A-7663EF464383}.Debug|Win32.Build.0 = Debug|Win32
		{1E725197-CACE-4D4B-884A-7663EF464383}.Release|Win32.ActiveCfg = Release|Win32
		{1E725197-CACE-4D4B-884A-7663EF464383}.Release|Win32.Build.0 = Release|Win32
		{58DC4BC4-D703-4539-819A-E477304F0510}.Debug|Win32.ActiveCfg = Debug|Win32
		{58DC4BC4-D703-4539-819A-E477304F0510}.Debug|Win32.Build.0 = Debug|Win32
		{58DC4BC4-D703-4539-819A-E477304F0510}.Release|Win32.ActiveCfg = Release|Win32
		{58DC4BC4-D703-4539-819A-E477304F0510}.Release|Win32.Build.0 = Release|Win32
		{A63823F8-9E15-49E2-BDE9-EA5A15D8F5AA}.Debug|Win32.ActiveCfg = Debug|Win32
		{A63823F8-9E15-49E2-BDE9-EA5A15D8F5AA}.Debug|Win32.Build.0 = Debug|Win32
		{A63823F8-9E15-49E2-BDE9-EA5A15D8F5AA}.Release|Win32.ActiveCfg = Release|Win32
		{A63823F8-9E15-49E2-BDE9-EA5A15D8F5AA}.Release|Win32.Build.0 = Release|Win32
	EndGlobalSection
	GlobalSection(SolutionProperties) = preSolution
		HideSolutionNode = FALSE
	EndGlobalSection
EndGlobal
